{
    "_meta": {
        "hash": {
            "sha256": "f01ab800213692d3dff9d90605fc9b7bf085a49f6b1fbc0979cf3d116a461cf6"
        },
        "pipfile-spec": 6,
        "requires": {
            "python_version": "3.8"
        },
        "sources": [
            {
                "name": "pypi",
                "url": "https://pypi.org/simple",
                "verify_ssl": true
            }
        ]
    },
    "default": {
        "pypresence": {
            "hashes": [
                "sha256:ae14bbd5d6209187c36ad28811b99d8180829fb49b78336658fcc2b2ad4b5b7b"
            ],
            "index": "pypi",
            "version": "==3.0.0"
        },
        "pywin32": {
            "hashes": [
                "sha256:300a2db938e98c3e7e2093e4491439e62287d0d493fe07cce110db070b54c0be",
                "sha256:31f88a89139cb2adc40f8f0e65ee56a8c585f629974f9e07622ba80199057511",
                "sha256:371fcc39416d736401f0274dd64c2302728c9e034808e37381b5e1b22be4a6b0",
                "sha256:47a3c7551376a865dd8d095a98deba954a98f326c6fe3c72d8726ca6e6b15507",
                "sha256:4cdad3e84191194ea6d0dd1b1b9bdda574ff563177d2adf2b4efec2a244fa116",
                "sha256:7c1ae32c489dc012930787f06244426f8356e129184a02c25aef163917ce158e",
                "sha256:7f18199fbf29ca99dff10e1f09451582ae9e372a892ff03a28528a24d55875bc",
                "sha256:9b31e009564fb95db160f154e2aa195ed66bcc4c058ed72850d047141b36f3a2",
                "sha256:a929a4af626e530383a579431b70e512e736e9588106715215bf685a3ea508d4",
                "sha256:c054c52ba46e7eb6b7d7dfae4dbd987a1bb48ee86debe3f245a2884ece46e295",
                "sha256:f27cec5e7f588c3d1051651830ecc00294f90728d19c3bf6916e6dba93ea357c",
                "sha256:f4c5be1a293bae0076d93c88f37ee8da68136744588bc5e2be2f299a34ceb7aa"
            ],
            "index": "pypi",
            "version": "==227"
        }
    },
    "develop": {}
}
